// !$*UTF8*$!
{
	archiveVersion = 1;
	classes = {
	};
	objectVersion = 56;
	objects = {

/* Begin PBXBuildFile section */
		9E064C332ABB34E1004A5D96 /* StoreSkinsList.swift in Sources */ = {isa = PBXBuildFile; fileRef = 9E064C322ABB34E1004A5D96 /* StoreSkinsList.swift */; };
		9E064C352ABC0D04004A5D96 /* PlayerID.swift in Sources */ = {isa = PBXBuildFile; fileRef = 9E064C342ABC0D04004A5D96 /* PlayerID.swift */; };
		9E064C372ABC1F5E004A5D96 /* PlayerWallet.swift in Sources */ = {isa = PBXBuildFile; fileRef = 9E064C362ABC1F5E004A5D96 /* PlayerWallet.swift */; };
		9E266E702AB201DD00178F25 /* HapticManager.swift in Sources */ = {isa = PBXBuildFile; fileRef = 9E266E6F2AB201DD00178F25 /* HapticManager.swift */; };
		9E266E722AB208C700178F25 /* Color+Extension.swift in Sources */ = {isa = PBXBuildFile; fileRef = 9E266E712AB208C700178F25 /* Color+Extension.swift */; };
		9E266EA72AB342DC00178F25 /* OAuthManager.swift in Sources */ = {isa = PBXBuildFile; fileRef = 9E266EA62AB342DC00178F25 /* OAuthManager.swift */; };
		9E266EA92AB3436600178F25 /* Constants.swift in Sources */ = {isa = PBXBuildFile; fileRef = 9E266EA82AB3436600178F25 /* Constants.swift */; };
		9E266EAB2AB3483300178F25 /* ViewModel.swift in Sources */ = {isa = PBXBuildFile; fileRef = 9E266EAA2AB3483300178F25 /* ViewModel.swift */; };
		9E266EAE2AB34A7400178F25 /* LoginView.swift in Sources */ = {isa = PBXBuildFile; fileRef = 9E266EAD2AB34A7400178F25 /* LoginView.swift */; };
		9E266EB12AB34E6B00178F25 /* KeychainAccess in Frameworks */ = {isa = PBXBuildFile; productRef = 9E266EB02AB34E6B00178F25 /* KeychainAccess */; };
		9E266EB42AB34E8B00178F25 /* Realm in Frameworks */ = {isa = PBXBuildFile; productRef = 9E266EB32AB34E8B00178F25 /* Realm */; };
		9E266EB62AB34E8B00178F25 /* RealmSwift in Frameworks */ = {isa = PBXBuildFile; productRef = 9E266EB52AB34E8B00178F25 /* RealmSwift */; };
		9E2922882AB0A9D200D6FE07 /* ValorantShopApp.swift in Sources */ = {isa = PBXBuildFile; fileRef = 9E2922872AB0A9D200D6FE07 /* ValorantShopApp.swift */; };
		9E29228A2AB0A9D200D6FE07 /* ContentView.swift in Sources */ = {isa = PBXBuildFile; fileRef = 9E2922892AB0A9D200D6FE07 /* ContentView.swift */; };
		9E29228C2AB0A9D200D6FE07 /* Assets.xcassets in Resources */ = {isa = PBXBuildFile; fileRef = 9E29228B2AB0A9D200D6FE07 /* Assets.xcassets */; };
		9E29228F2AB0A9D200D6FE07 /* Preview Assets.xcassets in Resources */ = {isa = PBXBuildFile; fileRef = 9E29228E2AB0A9D200D6FE07 /* Preview Assets.xcassets */; };
		9E29229C2AB0AF3D00D6FE07 /* CustomTabView.swift in Sources */ = {isa = PBXBuildFile; fileRef = 9E29229B2AB0AF3D00D6FE07 /* CustomTabView.swift */; };
		9E2922A22AB0B51D00D6FE07 /* StoreView.swift in Sources */ = {isa = PBXBuildFile; fileRef = 9E2922A12AB0B51D00D6FE07 /* StoreView.swift */; };
		9E2922A42AB0B54400D6FE07 /* CollectionView.swift in Sources */ = {isa = PBXBuildFile; fileRef = 9E2922A32AB0B54400D6FE07 /* CollectionView.swift */; };
		9E2922A62AB0B55F00D6FE07 /* SettingsView.swift in Sources */ = {isa = PBXBuildFile; fileRef = 9E2922A52AB0B55F00D6FE07 /* SettingsView.swift */; };
		9E611CD22ABC58E400D1A310 /* Launch Screen.storyboard in Resources */ = {isa = PBXBuildFile; fileRef = 9E611CD12ABC58E400D1A310 /* Launch Screen.storyboard */; };
		9E611CD52ABC7B4400D1A310 /* OAuthView.swift in Sources */ = {isa = PBXBuildFile; fileRef = 9E611CD42ABC7B4400D1A310 /* OAuthView.swift */; };
		9E611CE12ABDDD9C00D1A310 /* AZVideoPlayer in Frameworks */ = {isa = PBXBuildFile; productRef = 9E611CE02ABDDD9C00D1A310 /* AZVideoPlayer */; };
		9E611D002ABEA45600D1A310 /* MainView.swift in Sources */ = {isa = PBXBuildFile; fileRef = 9E611CFF2ABEA45600D1A310 /* MainView.swift */; };
		9E611D022ABED7F300D1A310 /* SkinsMarketView.swift in Sources */ = {isa = PBXBuildFile; fileRef = 9E611D012ABED7F300D1A310 /* SkinsMarketView.swift */; };
		9E611D052ABED81100D1A310 /* BundleMarketView.swift in Sources */ = {isa = PBXBuildFile; fileRef = 9E611D042ABED81100D1A310 /* BundleMarketView.swift */; };
		9E611D072ABED81700D1A310 /* NightMarketView.swift in Sources */ = {isa = PBXBuildFile; fileRef = 9E611D062ABED81700D1A310 /* NightMarketView.swift */; };
		9E7638712AB894A600BD0AB4 /* MultifactorAuthView.swift in Sources */ = {isa = PBXBuildFile; fileRef = 9E7638702AB894A600BD0AB4 /* MultifactorAuthView.swift */; };
		9E7638742ABAF9B000BD0AB4 /* ShakeEffect.swift in Sources */ = {isa = PBXBuildFile; fileRef = 9E7638732ABAF9B000BD0AB4 /* ShakeEffect.swift */; };
		9E8A86BF2ABC37A6006A61FA /* CodeBoxModifier.swift in Sources */ = {isa = PBXBuildFile; fileRef = 9E8A86BE2ABC37A6006A61FA /* CodeBoxModifier.swift */; };
		9EAA7D7C2AB57F460095A205 /* ResourceManager.swift in Sources */ = {isa = PBXBuildFile; fileRef = 9EAA7D7B2AB57F460095A205 /* ResourceManager.swift */; };
		9EB4C5632AB49DB500AE4425 /* WeaponSkins.swift in Sources */ = {isa = PBXBuildFile; fileRef = 9EB4C5622AB49DB500AE4425 /* WeaponSkins.swift */; };
		9EB4C5652AB4A14700AE4425 /* Version.swift in Sources */ = {isa = PBXBuildFile; fileRef = 9EB4C5642AB4A14700AE4425 /* Version.swift */; };
		9EB4C5672AB4A68500AE4425 /* StorePrices.swift in Sources */ = {isa = PBXBuildFile; fileRef = 9EB4C5662AB4A68500AE4425 /* StorePrices.swift */; };
		9EB4C5692AB4A85D00AE4425 /* RealmManager.swift in Sources */ = {isa = PBXBuildFile; fileRef = 9EB4C5682AB4A85D00AE4425 /* RealmManager.swift */; };
		9ED509562AB6A6F200149206 /* DataDownloadView.swift in Sources */ = {isa = PBXBuildFile; fileRef = 9ED509552AB6A6F200149206 /* DataDownloadView.swift */; };
		9ED509582AB71D8700149206 /* View+Extension.swift in Sources */ = {isa = PBXBuildFile; fileRef = 9ED509572AB71D8700149206 /* View+Extension.swift */; };
		9ED5095B2AB7358400149206 /* Valorant-Font.ttf in Resources */ = {isa = PBXBuildFile; fileRef = 9ED5095A2AB7358400149206 /* Valorant-Font.ttf */; };
		9EDCF0B92AC0086D0057772F /* StoreBundlesList.swift in Sources */ = {isa = PBXBuildFile; fileRef = 9EDCF0B82AC0086D0057772F /* StoreBundlesList.swift */; };
		9EDCF0BD2AC011A40057772F /* Array+Extension.swift in Sources */ = {isa = PBXBuildFile; fileRef = 9EDCF0BC2AC011A40057772F /* Array+Extension.swift */; };
		9EDCF0BF2AC043A40057772F /* Bundles.swift in Sources */ = {isa = PBXBuildFile; fileRef = 9EDCF0BE2AC043A40057772F /* Bundles.swift */; };
		9EDCF0C22AC111D90057772F /* SkinCell.swift in Sources */ = {isa = PBXBuildFile; fileRef = 9EDCF0C12AC111D90057772F /* SkinCell.swift */; };
		9EDCF0C82AC141A80057772F /* Shimmer in Frameworks */ = {isa = PBXBuildFile; productRef = 9EDCF0C72AC141A80057772F /* Shimmer */; };
		9EDCF0CA2AC1A17D0057772F /* LoadingView.swift in Sources */ = {isa = PBXBuildFile; fileRef = 9EDCF0C92AC1A17D0057772F /* LoadingView.swift */; };
/* End PBXBuildFile section */

/* Begin PBXFileReference section */
		9E064C322ABB34E1004A5D96 /* StoreSkinsList.swift */ = {isa = PBXFileReference; lastKnownFileType = sourcecode.swift; path = StoreSkinsList.swift; sourceTree = "<group>"; };
		9E064C342ABC0D04004A5D96 /* PlayerID.swift */ = {isa = PBXFileReference; lastKnownFileType = sourcecode.swift; path = PlayerID.swift; sourceTree = "<group>"; };
		9E064C362ABC1F5E004A5D96 /* PlayerWallet.swift */ = {isa = PBXFileReference; lastKnownFileType = sourcecode.swift; path = PlayerWallet.swift; sourceTree = "<group>"; };
		9E266E6F2AB201DD00178F25 /* HapticManager.swift */ = {isa = PBXFileReference; lastKnownFileType = sourcecode.swift; path = HapticManager.swift; sourceTree = "<group>"; };
		9E266E712AB208C700178F25 /* Color+Extension.swift */ = {isa = PBXFileReference; lastKnownFileType = sourcecode.swift; path = "Color+Extension.swift"; sourceTree = "<group>"; };
		9E266EA62AB342DC00178F25 /* OAuthManager.swift */ = {isa = PBXFileReference; lastKnownFileType = sourcecode.swift; path = OAuthManager.swift; sourceTree = "<group>"; };
		9E266EA82AB3436600178F25 /* Constants.swift */ = {isa = PBXFileReference; lastKnownFileType = sourcecode.swift; path = Constants.swift; sourceTree = "<group>"; };
		9E266EAA2AB3483300178F25 /* ViewModel.swift */ = {isa = PBXFileReference; lastKnownFileType = sourcecode.swift; path = ViewModel.swift; sourceTree = "<group>"; };
		9E266EAD2AB34A7400178F25 /* LoginView.swift */ = {isa = PBXFileReference; lastKnownFileType = sourcecode.swift; path = LoginView.swift; sourceTree = "<group>"; };
		9E2922842AB0A9D200D6FE07 /* ValorantShop.app */ = {isa = PBXFileReference; explicitFileType = wrapper.application; includeInIndex = 0; path = ValorantShop.app; sourceTree = BUILT_PRODUCTS_DIR; };
		9E2922872AB0A9D200D6FE07 /* ValorantShopApp.swift */ = {isa = PBXFileReference; lastKnownFileType = sourcecode.swift; path = ValorantShopApp.swift; sourceTree = "<group>"; };
		9E2922892AB0A9D200D6FE07 /* ContentView.swift */ = {isa = PBXFileReference; lastKnownFileType = sourcecode.swift; path = ContentView.swift; sourceTree = "<group>"; };
		9E29228B2AB0A9D200D6FE07 /* Assets.xcassets */ = {isa = PBXFileReference; lastKnownFileType = folder.assetcatalog; path = Assets.xcassets; sourceTree = "<group>"; };
		9E29228E2AB0A9D200D6FE07 /* Preview Assets.xcassets */ = {isa = PBXFileReference; lastKnownFileType = folder.assetcatalog; path = "Preview Assets.xcassets"; sourceTree = "<group>"; };
		9E29229B2AB0AF3D00D6FE07 /* CustomTabView.swift */ = {isa = PBXFileReference; lastKnownFileType = sourcecode.swift; path = CustomTabView.swift; sourceTree = "<group>"; };
		9E2922A12AB0B51D00D6FE07 /* StoreView.swift */ = {isa = PBXFileReference; lastKnownFileType = sourcecode.swift; path = StoreView.swift; sourceTree = "<group>"; };
		9E2922A32AB0B54400D6FE07 /* CollectionView.swift */ = {isa = PBXFileReference; lastKnownFileType = sourcecode.swift; path = CollectionView.swift; sourceTree = "<group>"; };
		9E2922A52AB0B55F00D6FE07 /* SettingsView.swift */ = {isa = PBXFileReference; lastKnownFileType = sourcecode.swift; path = SettingsView.swift; sourceTree = "<group>"; };
		9E611CD12ABC58E400D1A310 /* Launch Screen.storyboard */ = {isa = PBXFileReference; lastKnownFileType = file.storyboard; path = "Launch Screen.storyboard"; sourceTree = "<group>"; };
		9E611CD42ABC7B4400D1A310 /* OAuthView.swift */ = {isa = PBXFileReference; lastKnownFileType = sourcecode.swift; path = OAuthView.swift; sourceTree = "<group>"; };
		9E611CFF2ABEA45600D1A310 /* MainView.swift */ = {isa = PBXFileReference; lastKnownFileType = sourcecode.swift; path = MainView.swift; sourceTree = "<group>"; };
		9E611D012ABED7F300D1A310 /* SkinsMarketView.swift */ = {isa = PBXFileReference; lastKnownFileType = sourcecode.swift; path = SkinsMarketView.swift; sourceTree = "<group>"; };
		9E611D042ABED81100D1A310 /* BundleMarketView.swift */ = {isa = PBXFileReference; lastKnownFileType = sourcecode.swift; path = BundleMarketView.swift; sourceTree = "<group>"; };
		9E611D062ABED81700D1A310 /* NightMarketView.swift */ = {isa = PBXFileReference; lastKnownFileType = sourcecode.swift; path = NightMarketView.swift; sourceTree = "<group>"; };
		9E7638702AB894A600BD0AB4 /* MultifactorAuthView.swift */ = {isa = PBXFileReference; lastKnownFileType = sourcecode.swift; path = MultifactorAuthView.swift; sourceTree = "<group>"; };
		9E7638732ABAF9B000BD0AB4 /* ShakeEffect.swift */ = {isa = PBXFileReference; lastKnownFileType = sourcecode.swift; path = ShakeEffect.swift; sourceTree = "<group>"; };
		9E8A86BE2ABC37A6006A61FA /* CodeBoxModifier.swift */ = {isa = PBXFileReference; lastKnownFileType = sourcecode.swift; path = CodeBoxModifier.swift; sourceTree = "<group>"; };
		9EAA7D7B2AB57F460095A205 /* ResourceManager.swift */ = {isa = PBXFileReference; lastKnownFileType = sourcecode.swift; path = ResourceManager.swift; sourceTree = "<group>"; };
		9EB4C5622AB49DB500AE4425 /* WeaponSkins.swift */ = {isa = PBXFileReference; lastKnownFileType = sourcecode.swift; path = WeaponSkins.swift; sourceTree = "<group>"; };
		9EB4C5642AB4A14700AE4425 /* Version.swift */ = {isa = PBXFileReference; lastKnownFileType = sourcecode.swift; path = Version.swift; sourceTree = "<group>"; };
		9EB4C5662AB4A68500AE4425 /* StorePrices.swift */ = {isa = PBXFileReference; lastKnownFileType = sourcecode.swift; path = StorePrices.swift; sourceTree = "<group>"; };
		9EB4C5682AB4A85D00AE4425 /* RealmManager.swift */ = {isa = PBXFileReference; lastKnownFileType = sourcecode.swift; path = RealmManager.swift; sourceTree = "<group>"; };
		9ED509552AB6A6F200149206 /* DataDownloadView.swift */ = {isa = PBXFileReference; lastKnownFileType = sourcecode.swift; path = DataDownloadView.swift; sourceTree = "<group>"; };
		9ED509572AB71D8700149206 /* View+Extension.swift */ = {isa = PBXFileReference; lastKnownFileType = sourcecode.swift; path = "View+Extension.swift"; sourceTree = "<group>"; };
		9ED5095A2AB7358400149206 /* Valorant-Font.ttf */ = {isa = PBXFileReference; lastKnownFileType = file; path = "Valorant-Font.ttf"; sourceTree = "<group>"; };
		9ED5095C2AB735D900149206 /* Info.plist */ = {isa = PBXFileReference; lastKnownFileType = text.plist; path = Info.plist; sourceTree = "<group>"; };
		9EDCF0B82AC0086D0057772F /* StoreBundlesList.swift */ = {isa = PBXFileReference; lastKnownFileType = sourcecode.swift; path = StoreBundlesList.swift; sourceTree = "<group>"; };
		9EDCF0BC2AC011A40057772F /* Array+Extension.swift */ = {isa = PBXFileReference; lastKnownFileType = sourcecode.swift; path = "Array+Extension.swift"; sourceTree = "<group>"; };
		9EDCF0BE2AC043A40057772F /* Bundles.swift */ = {isa = PBXFileReference; lastKnownFileType = sourcecode.swift; path = Bundles.swift; sourceTree = "<group>"; };
		9EDCF0C12AC111D90057772F /* SkinCell.swift */ = {isa = PBXFileReference; lastKnownFileType = sourcecode.swift; path = SkinCell.swift; sourceTree = "<group>"; };
		9EDCF0C92AC1A17D0057772F /* LoadingView.swift */ = {isa = PBXFileReference; lastKnownFileType = sourcecode.swift; path = LoadingView.swift; sourceTree = "<group>"; };
/* End PBXFileReference section */

/* Begin PBXFrameworksBuildPhase section */
		9E2922812AB0A9D200D6FE07 /* Frameworks */ = {
			isa = PBXFrameworksBuildPhase;
			buildActionMask = 2147483647;
			files = (
				9E611CE12ABDDD9C00D1A310 /* AZVideoPlayer in Frameworks */,
				9EDCF0C82AC141A80057772F /* Shimmer in Frameworks */,
				9E266EB62AB34E8B00178F25 /* RealmSwift in Frameworks */,
				9E266EB42AB34E8B00178F25 /* Realm in Frameworks */,
				9E266EB12AB34E6B00178F25 /* KeychainAccess in Frameworks */,
			);
			runOnlyForDeploymentPostprocessing = 0;
		};
/* End PBXFrameworksBuildPhase section */

/* Begin PBXGroup section */
		9E29227B2AB0A9D200D6FE07 = {
			isa = PBXGroup;
			children = (
				9E2922862AB0A9D200D6FE07 /* ValorantShop */,
				9E2922852AB0A9D200D6FE07 /* Products */,
			);
			sourceTree = "<group>";
		};
		9E2922852AB0A9D200D6FE07 /* Products */ = {
			isa = PBXGroup;
			children = (
				9E2922842AB0A9D200D6FE07 /* ValorantShop.app */,
			);
			name = Products;
			sourceTree = "<group>";
		};
		9E2922862AB0A9D200D6FE07 /* ValorantShop */ = {
			isa = PBXGroup;
			children = (
				9ED5095C2AB735D900149206 /* Info.plist */,
				9E611CD12ABC58E400D1A310 /* Launch Screen.storyboard */,
				9E2922872AB0A9D200D6FE07 /* ValorantShopApp.swift */,
				9E2922952AB0AE0B00D6FE07 /* Views */,
				9E29229A2AB0AF3000D6FE07 /* CustomTabView */,
				9E2922962AB0AE2200D6FE07 /* ViewModels */,
				9EB4C5612AB49D7B00AE4425 /* Models */,
				9E2922972AB0AE2C00D6FE07 /* Managers */,
				9E7638722ABAF9A100BD0AB4 /* Modifier */,
				9E2922982AB0AE3300D6FE07 /* Extensions */,
				9E2922992AB0AE4100D6FE07 /* Constants */,
				9ED509592AB7356D00149206 /* Fonts */,
				9E29228B2AB0A9D200D6FE07 /* Assets.xcassets */,
				9E29228D2AB0A9D200D6FE07 /* Preview Content */,
			);
			path = ValorantShop;
			sourceTree = "<group>";
		};
		9E29228D2AB0A9D200D6FE07 /* Preview Content */ = {
			isa = PBXGroup;
			children = (
				9E29228E2AB0A9D200D6FE07 /* Preview Assets.xcassets */,
			);
			path = "Preview Content";
			sourceTree = "<group>";
		};
		9E2922952AB0AE0B00D6FE07 /* Views */ = {
			isa = PBXGroup;
			children = (
				9E2922892AB0A9D200D6FE07 /* ContentView.swift */,
				9E611CD32ABC7B2C00D1A310 /* OAuthView */,
				9E611CFC2ABEA40D00D1A310 /* MainView */,
			);
			path = Views;
			sourceTree = "<group>";
		};
		9E2922962AB0AE2200D6FE07 /* ViewModels */ = {
			isa = PBXGroup;
			children = (
				9E266EAA2AB3483300178F25 /* ViewModel.swift */,
			);
			path = ViewModels;
			sourceTree = "<group>";
		};
		9E2922972AB0AE2C00D6FE07 /* Managers */ = {
			isa = PBXGroup;
			children = (
				9E266EA62AB342DC00178F25 /* OAuthManager.swift */,
				9EB4C5682AB4A85D00AE4425 /* RealmManager.swift */,
				9EAA7D7B2AB57F460095A205 /* ResourceManager.swift */,
				9E266E6F2AB201DD00178F25 /* HapticManager.swift */,
			);
			path = Managers;
			sourceTree = "<group>";
		};
		9E2922982AB0AE3300D6FE07 /* Extensions */ = {
			isa = PBXGroup;
			children = (
				9ED509572AB71D8700149206 /* View+Extension.swift */,
				9E266E712AB208C700178F25 /* Color+Extension.swift */,
				9EDCF0BC2AC011A40057772F /* Array+Extension.swift */,
			);
			name = Extensions;
			sourceTree = "<group>";
		};
		9E2922992AB0AE4100D6FE07 /* Constants */ = {
			isa = PBXGroup;
			children = (
				9E266EA82AB3436600178F25 /* Constants.swift */,
			);
			path = Constants;
			sourceTree = "<group>";
		};
		9E29229A2AB0AF3000D6FE07 /* CustomTabView */ = {
			isa = PBXGroup;
			children = (
				9E29229B2AB0AF3D00D6FE07 /* CustomTabView.swift */,
			);
			path = CustomTabView;
			sourceTree = "<group>";
		};
		9E29229E2AB0B50000D6FE07 /* StoreView */ = {
			isa = PBXGroup;
			children = (
				9E2922A12AB0B51D00D6FE07 /* StoreView.swift */,
				9E611D032ABED7FF00D1A310 /* MarketListView */,
			);
			path = StoreView;
			sourceTree = "<group>";
		};
		9E29229F2AB0B50700D6FE07 /* CollectionView */ = {
			isa = PBXGroup;
			children = (
				9E2922A32AB0B54400D6FE07 /* CollectionView.swift */,
			);
			name = CollectionView;
			path = ..;
			sourceTree = "<group>";
		};
		9E2922A02AB0B51300D6FE07 /* SettingsView */ = {
			isa = PBXGroup;
			children = (
				9E2922A52AB0B55F00D6FE07 /* SettingsView.swift */,
			);
			path = SettingsView;
			sourceTree = "<group>";
		};
		9E611CD32ABC7B2C00D1A310 /* OAuthView */ = {
			isa = PBXGroup;
			children = (
				9E611CD42ABC7B4400D1A310 /* OAuthView.swift */,
				9E611CFD2ABEA43100D1A310 /* LoginView */,
				9E611CFE2ABEA43F00D1A310 /* DataDownloadView */,
			);
			path = OAuthView;
			sourceTree = "<group>";
		};
		9E611CFC2ABEA40D00D1A310 /* MainView */ = {
			isa = PBXGroup;
			children = (
				9E611CFF2ABEA45600D1A310 /* MainView.swift */,
				9EDCF0C92AC1A17D0057772F /* LoadingView.swift */,
				9E29229E2AB0B50000D6FE07 /* StoreView */,
				9E29229F2AB0B50700D6FE07 /* CollectionView */,
				9E2922A02AB0B51300D6FE07 /* SettingsView */,
			);
			path = MainView;
			sourceTree = "<group>";
		};
		9E611CFD2ABEA43100D1A310 /* LoginView */ = {
			isa = PBXGroup;
			children = (
				9E266EAD2AB34A7400178F25 /* LoginView.swift */,
				9E7638702AB894A600BD0AB4 /* MultifactorAuthView.swift */,
			);
			path = LoginView;
			sourceTree = "<group>";
		};
		9E611CFE2ABEA43F00D1A310 /* DataDownloadView */ = {
			isa = PBXGroup;
			children = (
				9ED509552AB6A6F200149206 /* DataDownloadView.swift */,
			);
			path = DataDownloadView;
			sourceTree = "<group>";
		};
		9E611D032ABED7FF00D1A310 /* MarketListView */ = {
			isa = PBXGroup;
			children = (
				9E611D012ABED7F300D1A310 /* SkinsMarketView.swift */,
				9E611D042ABED81100D1A310 /* BundleMarketView.swift */,
				9E611D062ABED81700D1A310 /* NightMarketView.swift */,
				9EDCF0C02AC111D00057772F /* Components */,
			);
			path = MarketListView;
			sourceTree = "<group>";
		};
		9E7638722ABAF9A100BD0AB4 /* Modifier */ = {
			isa = PBXGroup;
			children = (
				9E7638732ABAF9B000BD0AB4 /* ShakeEffect.swift */,
				9E8A86BE2ABC37A6006A61FA /* CodeBoxModifier.swift */,
			);
			path = Modifier;
			sourceTree = "<group>";
		};
		9EB4C5612AB49D7B00AE4425 /* Models */ = {
			isa = PBXGroup;
			children = (
				9EB4C5642AB4A14700AE4425 /* Version.swift */,
				9EDCF0BE2AC043A40057772F /* Bundles.swift */,
				9EB4C5622AB49DB500AE4425 /* WeaponSkins.swift */,
				9EB4C5662AB4A68500AE4425 /* StorePrices.swift */,
				9E064C342ABC0D04004A5D96 /* PlayerID.swift */,
				9E064C362ABC1F5E004A5D96 /* PlayerWallet.swift */,
				9EDCF0B82AC0086D0057772F /* StoreBundlesList.swift */,
				9E064C322ABB34E1004A5D96 /* StoreSkinsList.swift */,
			);
			path = Models;
			sourceTree = "<group>";
		};
		9ED509592AB7356D00149206 /* Fonts */ = {
			isa = PBXGroup;
			children = (
				9ED5095A2AB7358400149206 /* Valorant-Font.ttf */,
			);
			name = Fonts;
			sourceTree = "<group>";
		};
		9EDCF0C02AC111D00057772F /* Components */ = {
			isa = PBXGroup;
			children = (
				9EDCF0C12AC111D90057772F /* SkinCell.swift */,
			);
			path = Components;
			sourceTree = "<group>";
		};
/* End PBXGroup section */

/* Begin PBXNativeTarget section */
		9E2922832AB0A9D200D6FE07 /* ValorantShop */ = {
			isa = PBXNativeTarget;
			buildConfigurationList = 9E2922922AB0A9D200D6FE07 /* Build configuration list for PBXNativeTarget "ValorantShop" */;
			buildPhases = (
				9E2922802AB0A9D200D6FE07 /* Sources */,
				9E2922812AB0A9D200D6FE07 /* Frameworks */,
				9E2922822AB0A9D200D6FE07 /* Resources */,
			);
			buildRules = (
			);
			dependencies = (
			);
			name = ValorantShop;
			packageProductDependencies = (
				9E266EB02AB34E6B00178F25 /* KeychainAccess */,
				9E266EB32AB34E8B00178F25 /* Realm */,
				9E266EB52AB34E8B00178F25 /* RealmSwift */,
				9E611CE02ABDDD9C00D1A310 /* AZVideoPlayer */,
				9EDCF0C72AC141A80057772F /* Shimmer */,
			);
			productName = ValorantShop;
			productReference = 9E2922842AB0A9D200D6FE07 /* ValorantShop.app */;
			productType = "com.apple.product-type.application";
		};
/* End PBXNativeTarget section */

/* Begin PBXProject section */
		9E29227C2AB0A9D200D6FE07 /* Project object */ = {
			isa = PBXProject;
			attributes = {
				BuildIndependentTargetsInParallel = 1;
				LastSwiftUpdateCheck = 1430;
				LastUpgradeCheck = 1430;
				TargetAttributes = {
					9E2922832AB0A9D200D6FE07 = {
						CreatedOnToolsVersion = 14.3.1;
					};
				};
			};
			buildConfigurationList = 9E29227F2AB0A9D200D6FE07 /* Build configuration list for PBXProject "ValorantShop" */;
			compatibilityVersion = "Xcode 14.0";
			developmentRegion = en;
			hasScannedForEncodings = 0;
			knownRegions = (
				en,
				Base,
			);
			mainGroup = 9E29227B2AB0A9D200D6FE07;
			packageReferences = (
				9E266EAF2AB34E6B00178F25 /* XCRemoteSwiftPackageReference "KeychainAccess" */,
				9E266EB22AB34E8B00178F25 /* XCRemoteSwiftPackageReference "realm-swift" */,
				9E611CDF2ABDDD9C00D1A310 /* XCRemoteSwiftPackageReference "AZVideoPlayer" */,
				9EDCF0C32AC140850057772F /* XCRemoteSwiftPackageReference "CachedAsyncImage" */,
				9EDCF0C62AC141A80057772F /* XCRemoteSwiftPackageReference "SwiftUI-Shimmer" */,
			);
			productRefGroup = 9E2922852AB0A9D200D6FE07 /* Products */;
			projectDirPath = "";
			projectRoot = "";
			targets = (
				9E2922832AB0A9D200D6FE07 /* ValorantShop */,
			);
		};
/* End PBXProject section */

/* Begin PBXResourcesBuildPhase section */
		9E2922822AB0A9D200D6FE07 /* Resources */ = {
			isa = PBXResourcesBuildPhase;
			buildActionMask = 2147483647;
			files = (
				9E29228F2AB0A9D200D6FE07 /* Preview Assets.xcassets in Resources */,
				9ED5095B2AB7358400149206 /* Valorant-Font.ttf in Resources */,
				9E611CD22ABC58E400D1A310 /* Launch Screen.storyboard in Resources */,
				9E29228C2AB0A9D200D6FE07 /* Assets.xcassets in Resources */,
			);
			runOnlyForDeploymentPostprocessing = 0;
		};
/* End PBXResourcesBuildPhase section */

/* Begin PBXSourcesBuildPhase section */
		9E2922802AB0A9D200D6FE07 /* Sources */ = {
			isa = PBXSourcesBuildPhase;
			buildActionMask = 2147483647;
			files = (
				9EDCF0BF2AC043A40057772F /* Bundles.swift in Sources */,
				9ED509562AB6A6F200149206 /* DataDownloadView.swift in Sources */,
				9E8A86BF2ABC37A6006A61FA /* CodeBoxModifier.swift in Sources */,
				9E29229C2AB0AF3D00D6FE07 /* CustomTabView.swift in Sources */,
				9E2922A42AB0B54400D6FE07 /* CollectionView.swift in Sources */,
				9E7638712AB894A600BD0AB4 /* MultifactorAuthView.swift in Sources */,
				9EDCF0BD2AC011A40057772F /* Array+Extension.swift in Sources */,
				9E064C332ABB34E1004A5D96 /* StoreSkinsList.swift in Sources */,
				9ED509582AB71D8700149206 /* View+Extension.swift in Sources */,
				9EAA7D7C2AB57F460095A205 /* ResourceManager.swift in Sources */,
				9E266E702AB201DD00178F25 /* HapticManager.swift in Sources */,
				9E611D022ABED7F300D1A310 /* SkinsMarketView.swift in Sources */,
				9E266EAB2AB3483300178F25 /* ViewModel.swift in Sources */,
				9EB4C5652AB4A14700AE4425 /* Version.swift in Sources */,
				9EDCF0C22AC111D90057772F /* SkinCell.swift in Sources */,
				9E611D072ABED81700D1A310 /* NightMarketView.swift in Sources */,
				9E29228A2AB0A9D200D6FE07 /* ContentView.swift in Sources */,
				9E064C372ABC1F5E004A5D96 /* PlayerWallet.swift in Sources */,
				9E2922A62AB0B55F00D6FE07 /* SettingsView.swift in Sources */,
				9E266EAE2AB34A7400178F25 /* LoginView.swift in Sources */,
				9E266EA92AB3436600178F25 /* Constants.swift in Sources */,
				9E611CD52ABC7B4400D1A310 /* OAuthView.swift in Sources */,
				9E611D052ABED81100D1A310 /* BundleMarketView.swift in Sources */,
				9EB4C5692AB4A85D00AE4425 /* RealmManager.swift in Sources */,
				9EB4C5632AB49DB500AE4425 /* WeaponSkins.swift in Sources */,
				9E611D002ABEA45600D1A310 /* MainView.swift in Sources */,
				9EB4C5672AB4A68500AE4425 /* StorePrices.swift in Sources */,
				9E2922A22AB0B51D00D6FE07 /* StoreView.swift in Sources */,
				9E7638742ABAF9B000BD0AB4 /* ShakeEffect.swift in Sources */,
				9E2922882AB0A9D200D6FE07 /* ValorantShopApp.swift in Sources */,
				9E266EA72AB342DC00178F25 /* OAuthManager.swift in Sources */,
				9E266E722AB208C700178F25 /* Color+Extension.swift in Sources */,
				9E064C352ABC0D04004A5D96 /* PlayerID.swift in Sources */,
				9EDCF0CA2AC1A17D0057772F /* LoadingView.swift in Sources */,
				9EDCF0B92AC0086D0057772F /* StoreBundlesList.swift in Sources */,
			);
			runOnlyForDeploymentPostprocessing = 0;
		};
/* End PBXSourcesBuildPhase section */

/* Begin XCBuildConfiguration section */
		9E2922902AB0A9D200D6FE07 /* Debug */ = {
			isa = XCBuildConfiguration;
			buildSettings = {
				ALWAYS_SEARCH_USER_PATHS = NO;
				CLANG_ANALYZER_NONNULL = YES;
				CLANG_ANALYZER_NUMBER_OBJECT_CONVERSION = YES_AGGRESSIVE;
				CLANG_CXX_LANGUAGE_STANDARD = "gnu++20";
				CLANG_ENABLE_MODULES = YES;
				CLANG_ENABLE_OBJC_ARC = YES;
				CLANG_ENABLE_OBJC_WEAK = YES;
				CLANG_WARN_BLOCK_CAPTURE_AUTORELEASING = YES;
				CLANG_WARN_BOOL_CONVERSION = YES;
				CLANG_WARN_COMMA = YES;
				CLANG_WARN_CONSTANT_CONVERSION = YES;
				CLANG_WARN_DEPRECATED_OBJC_IMPLEMENTATIONS = YES;
				CLANG_WARN_DIRECT_OBJC_ISA_USAGE = YES_ERROR;
				CLANG_WARN_DOCUMENTATION_COMMENTS = YES;
				CLANG_WARN_EMPTY_BODY = YES;
				CLANG_WARN_ENUM_CONVERSION = YES;
				CLANG_WARN_INFINITE_RECURSION = YES;
				CLANG_WARN_INT_CONVERSION = YES;
				CLANG_WARN_NON_LITERAL_NULL_CONVERSION = YES;
				CLANG_WARN_OBJC_IMPLICIT_RETAIN_SELF = YES;
				CLANG_WARN_OBJC_LITERAL_CONVERSION = YES;
				CLANG_WARN_OBJC_ROOT_CLASS = YES_ERROR;
				CLANG_WARN_QUOTED_INCLUDE_IN_FRAMEWORK_HEADER = YES;
				CLANG_WARN_RANGE_LOOP_ANALYSIS = YES;
				CLANG_WARN_STRICT_PROTOTYPES = YES;
				CLANG_WARN_SUSPICIOUS_MOVE = YES;
				CLANG_WARN_UNGUARDED_AVAILABILITY = YES_AGGRESSIVE;
				CLANG_WARN_UNREACHABLE_CODE = YES;
				CLANG_WARN__DUPLICATE_METHOD_MATCH = YES;
				COPY_PHASE_STRIP = NO;
				DEBUG_INFORMATION_FORMAT = dwarf;
				ENABLE_STRICT_OBJC_MSGSEND = YES;
				ENABLE_TESTABILITY = YES;
				GCC_C_LANGUAGE_STANDARD = gnu11;
				GCC_DYNAMIC_NO_PIC = NO;
				GCC_NO_COMMON_BLOCKS = YES;
				GCC_OPTIMIZATION_LEVEL = 0;
				GCC_PREPROCESSOR_DEFINITIONS = (
					"DEBUG=1",
					"$(inherited)",
				);
				GCC_WARN_64_TO_32_BIT_CONVERSION = YES;
				GCC_WARN_ABOUT_RETURN_TYPE = YES_ERROR;
				GCC_WARN_UNDECLARED_SELECTOR = YES;
				GCC_WARN_UNINITIALIZED_AUTOS = YES_AGGRESSIVE;
				GCC_WARN_UNUSED_FUNCTION = YES;
				GCC_WARN_UNUSED_VARIABLE = YES;
				IPHONEOS_DEPLOYMENT_TARGET = 16.4;
				MTL_ENABLE_DEBUG_INFO = INCLUDE_SOURCE;
				MTL_FAST_MATH = YES;
				ONLY_ACTIVE_ARCH = YES;
				SDKROOT = iphoneos;
				SWIFT_ACTIVE_COMPILATION_CONDITIONS = DEBUG;
				SWIFT_OPTIMIZATION_LEVEL = "-Onone";
			};
			name = Debug;
		};
		9E2922912AB0A9D200D6FE07 /* Release */ = {
			isa = XCBuildConfiguration;
			buildSettings = {
				ALWAYS_SEARCH_USER_PATHS = NO;
				CLANG_ANALYZER_NONNULL = YES;
				CLANG_ANALYZER_NUMBER_OBJECT_CONVERSION = YES_AGGRESSIVE;
				CLANG_CXX_LANGUAGE_STANDARD = "gnu++20";
				CLANG_ENABLE_MODULES = YES;
				CLANG_ENABLE_OBJC_ARC = YES;
				CLANG_ENABLE_OBJC_WEAK = YES;
				CLANG_WARN_BLOCK_CAPTURE_AUTORELEASING = YES;
				CLANG_WARN_BOOL_CONVERSION = YES;
				CLANG_WARN_COMMA = YES;
				CLANG_WARN_CONSTANT_CONVERSION = YES;
				CLANG_WARN_DEPRECATED_OBJC_IMPLEMENTATIONS = YES;
				CLANG_WARN_DIRECT_OBJC_ISA_USAGE = YES_ERROR;
				CLANG_WARN_DOCUMENTATION_COMMENTS = YES;
				CLANG_WARN_EMPTY_BODY = YES;
				CLANG_WARN_ENUM_CONVERSION = YES;
				CLANG_WARN_INFINITE_RECURSION = YES;
				CLANG_WARN_INT_CONVERSION = YES;
				CLANG_WARN_NON_LITERAL_NULL_CONVERSION = YES;
				CLANG_WARN_OBJC_IMPLICIT_RETAIN_SELF = YES;
				CLANG_WARN_OBJC_LITERAL_CONVERSION = YES;
				CLANG_WARN_OBJC_ROOT_CLASS = YES_ERROR;
				CLANG_WARN_QUOTED_INCLUDE_IN_FRAMEWORK_HEADER = YES;
				CLANG_WARN_RANGE_LOOP_ANALYSIS = YES;
				CLANG_WARN_STRICT_PROTOTYPES = YES;
				CLANG_WARN_SUSPICIOUS_MOVE = YES;
				CLANG_WARN_UNGUARDED_AVAILABILITY = YES_AGGRESSIVE;
				CLANG_WARN_UNREACHABLE_CODE = YES;
				CLANG_WARN__DUPLICATE_METHOD_MATCH = YES;
				COPY_PHASE_STRIP = NO;
				DEBUG_INFORMATION_FORMAT = "dwarf-with-dsym";
				ENABLE_NS_ASSERTIONS = NO;
				ENABLE_STRICT_OBJC_MSGSEND = YES;
				GCC_C_LANGUAGE_STANDARD = gnu11;
				GCC_NO_COMMON_BLOCKS = YES;
				GCC_WARN_64_TO_32_BIT_CONVERSION = YES;
				GCC_WARN_ABOUT_RETURN_TYPE = YES_ERROR;
				GCC_WARN_UNDECLARED_SELECTOR = YES;
				GCC_WARN_UNINITIALIZED_AUTOS = YES_AGGRESSIVE;
				GCC_WARN_UNUSED_FUNCTION = YES;
				GCC_WARN_UNUSED_VARIABLE = YES;
				IPHONEOS_DEPLOYMENT_TARGET = 16.4;
				MTL_ENABLE_DEBUG_INFO = NO;
				MTL_FAST_MATH = YES;
				SDKROOT = iphoneos;
				SWIFT_COMPILATION_MODE = wholemodule;
				SWIFT_OPTIMIZATION_LEVEL = "-O";
				VALIDATE_PRODUCT = YES;
			};
			name = Release;
		};
		9E2922932AB0A9D200D6FE07 /* Debug */ = {
			isa = XCBuildConfiguration;
			buildSettings = {
				ASSETCATALOG_COMPILER_APPICON_NAME = AppIcon;
				ASSETCATALOG_COMPILER_GLOBAL_ACCENT_COLOR_NAME = AccentColor;
				CODE_SIGN_STYLE = Automatic;
				CURRENT_PROJECT_VERSION = 1;
				DEVELOPMENT_ASSET_PATHS = "\"ValorantShop/Preview Content\"";
				DEVELOPMENT_TEAM = 4DQM269FVB;
				ENABLE_PREVIEWS = YES;
				GENERATE_INFOPLIST_FILE = YES;
				INFOPLIST_FILE = ValorantShop/Info.plist;
				INFOPLIST_KEY_UIApplicationSceneManifest_Generation = YES;
				INFOPLIST_KEY_UIApplicationSupportsIndirectInputEvents = YES;
				INFOPLIST_KEY_UILaunchScreen_Generation = YES;
				INFOPLIST_KEY_UILaunchStoryboardName = "Launch Screen.storyboard";
				INFOPLIST_KEY_UISupportedInterfaceOrientations = UIInterfaceOrientationPortrait;
				INFOPLIST_KEY_UISupportedInterfaceOrientations_iPad = "UIInterfaceOrientationLandscapeLeft UIInterfaceOrientationLandscapeRight UIInterfaceOrientationPortrait UIInterfaceOrientationPortraitUpsideDown";
				LD_RUNPATH_SEARCH_PATHS = (
					"$(inherited)",
					"@executable_path/Frameworks",
				);
				MARKETING_VERSION = 1.0;
				PRODUCT_BUNDLE_IDENTIFIER = "com.kunwoo-kim.ValorantShop";
				PRODUCT_NAME = "$(TARGET_NAME)";
				SUPPORTED_PLATFORMS = "iphoneos iphonesimulator";
				SUPPORTS_MACCATALYST = NO;
				SUPPORTS_MAC_DESIGNED_FOR_IPHONE_IPAD = NO;
				SWIFT_EMIT_LOC_STRINGS = YES;
				SWIFT_VERSION = 5.0;
				TARGETED_DEVICE_FAMILY = 1;
			};
			name = Debug;
		};
		9E2922942AB0A9D200D6FE07 /* Release */ = {
			isa = XCBuildConfiguration;
			buildSettings = {
				ASSETCATALOG_COMPILER_APPICON_NAME = AppIcon;
				ASSETCATALOG_COMPILER_GLOBAL_ACCENT_COLOR_NAME = AccentColor;
				CODE_SIGN_STYLE = Automatic;
				CURRENT_PROJECT_VERSION = 1;
				DEVELOPMENT_ASSET_PATHS = "\"ValorantShop/Preview Content\"";
				DEVELOPMENT_TEAM = 4DQM269FVB;
				ENABLE_PREVIEWS = YES;
				GENERATE_INFOPLIST_FILE = YES;
				INFOPLIST_FILE = ValorantShop/Info.plist;
				INFOPLIST_KEY_UIApplicationSceneManifest_Generation = YES;
				INFOPLIST_KEY_UIApplicationSupportsIndirectInputEvents = YES;
				INFOPLIST_KEY_UILaunchScreen_Generation = YES;
				INFOPLIST_KEY_UILaunchStoryboardName = "Launch Screen.storyboard";
				INFOPLIST_KEY_UISupportedInterfaceOrientations = UIInterfaceOrientationPortrait;
				INFOPLIST_KEY_UISupportedInterfaceOrientations_iPad = "UIInterfaceOrientationLandscapeLeft UIInterfaceOrientationLandscapeRight UIInterfaceOrientationPortrait UIInterfaceOrientationPortraitUpsideDown";
				LD_RUNPATH_SEARCH_PATHS = (
					"$(inherited)",
					"@executable_path/Frameworks",
				);
				MARKETING_VERSION = 1.0;
				PRODUCT_BUNDLE_IDENTIFIER = "com.kunwoo-kim.ValorantShop";
				PRODUCT_NAME = "$(TARGET_NAME)";
				SUPPORTED_PLATFORMS = "iphoneos iphonesimulator";
				SUPPORTS_MACCATALYST = NO;
				SUPPORTS_MAC_DESIGNED_FOR_IPHONE_IPAD = NO;
				SWIFT_EMIT_LOC_STRINGS = YES;
				SWIFT_VERSION = 5.0;
				TARGETED_DEVICE_FAMILY = 1;
			};
			name = Release;
		};
/* End XCBuildConfiguration section */

/* Begin XCConfigurationList section */
		9E29227F2AB0A9D200D6FE07 /* Build configuration list for PBXProject "ValorantShop" */ = {
			isa = XCConfigurationList;
			buildConfigurations = (
				9E2922902AB0A9D200D6FE07 /* Debug */,
				9E2922912AB0A9D200D6FE07 /* Release */,
			);
			defaultConfigurationIsVisible = 0;
			defaultConfigurationName = Release;
		};
		9E2922922AB0A9D200D6FE07 /* Build configuration list for PBXNativeTarget "ValorantShop" */ = {
			isa = XCConfigurationList;
			buildConfigurations = (
				9E2922932AB0A9D200D6FE07 /* Debug */,
				9E2922942AB0A9D200D6FE07 /* Release */,
			);
			defaultConfigurationIsVisible = 0;
			defaultConfigurationName = Release;
		};
/* End XCConfigurationList section */

/* Begin XCRemoteSwiftPackageReference section */
		9E266EAF2AB34E6B00178F25 /* XCRemoteSwiftPackageReference "KeychainAccess" */ = {
			isa = XCRemoteSwiftPackageReference;
			repositoryURL = "https://github.com/kishikawakatsumi/KeychainAccess";
			requirement = {
				branch = master;
				kind = branch;
			};
		};
		9E266EB22AB34E8B00178F25 /* XCRemoteSwiftPackageReference "realm-swift" */ = {
			isa = XCRemoteSwiftPackageReference;
			repositoryURL = "https://github.com/realm/realm-swift";
			requirement = {
				branch = master;
				kind = branch;
			};
		};
		9E611CDF2ABDDD9C00D1A310 /* XCRemoteSwiftPackageReference "AZVideoPlayer" */ = {
			isa = XCRemoteSwiftPackageReference;
			repositoryURL = "https://github.com/adamzarn/AZVideoPlayer";
			requirement = {
				kind = upToNextMajorVersion;
				minimumVersion = 1.0.0;
			};
		};
		9EDCF0C32AC140850057772F /* XCRemoteSwiftPackageReference "CachedAsyncImage" */ = {
			isa = XCRemoteSwiftPackageReference;
			repositoryURL = "https://github.com/bullinnyc/CachedAsyncImage";
			requirement = {
				kind = upToNextMajorVersion;
				minimumVersion = 1.0.0;
			};
		};
		9EDCF0C62AC141A80057772F /* XCRemoteSwiftPackageReference "SwiftUI-Shimmer" */ = {
			isa = XCRemoteSwiftPackageReference;
			repositoryURL = "https://github.com/markiv/SwiftUI-Shimmer";
			requirement = {
				kind = upToNextMajorVersion;
				minimumVersion = 1.0.0;
			};
		};
/* End XCRemoteSwiftPackageReference section */

/* Begin XCSwiftPackageProductDependency section */
		9E266EB02AB34E6B00178F25 /* KeychainAccess */ = {
			isa = XCSwiftPackageProductDependency;
			package = 9E266EAF2AB34E6B00178F25 /* XCRemoteSwiftPackageReference "KeychainAccess" */;
			productName = KeychainAccess;
		};
		9E266EB32AB34E8B00178F25 /* Realm */ = {
			isa = XCSwiftPackageProductDependency;
			package = 9E266EB22AB34E8B00178F25 /* XCRemoteSwiftPackageReference "realm-swift" */;
			productName = Realm;
		};
		9E266EB52AB34E8B00178F25 /* RealmSwift */ = {
			isa = XCSwiftPackageProductDependency;
			package = 9E266EB22AB34E8B00178F25 /* XCRemoteSwiftPackageReference "realm-swift" */;
			productName = RealmSwift;
		};
		9E611CE02ABDDD9C00D1A310 /* AZVideoPlayer */ = {
			isa = XCSwiftPackageProductDependency;
			package = 9E611CDF2ABDDD9C00D1A310 /* XCRemoteSwiftPackageReference "AZVideoPlayer" */;
			productName = AZVideoPlayer;
		};
		9EDCF0C72AC141A80057772F /* Shimmer */ = {
			isa = XCSwiftPackageProductDependency;
			package = 9EDCF0C62AC141A80057772F /* XCRemoteSwiftPackageReference "SwiftUI-Shimmer" */;
			productName = Shimmer;
		};
/* End XCSwiftPackageProductDependency section */
	};
	rootObject = 9E29227C2AB0A9D200D6FE07 /* Project object */;
}
